
Microsoft Visual Studio Solution File, Format Version 12.00
# Visual Studio Version 17
VisualStudioVersion = 17.7.34031.279
MinimumVisualStudioVersion = 10.0.40219.1
Project("{9A19103F-16F7-4668-BE54-9A1E7A4F7556}") = "Project_Luna", "Project_Luna.csproj", "{A1B288A5-2C49-4996-886D-918C40F84400}"
EndProject
Global
	GlobalSection(SolutionConfigurationPlatforms) = preSolution
		Debug|Any CPU = Debug|Any CPU
		Release|Any CPU = Release|Any CPU
	EndGlobalSection
	GlobalSection(ProjectConfigurationPlatforms) = postSolution
		{A1B288A5-2C49-4996-886D-918C40F84400}.Debug|Any CPU.ActiveCfg = Debug|Any CPU
		{A1B288A5-2C49-4996-886D-918C40F84400}.Debug|Any CPU.Build.0 = Debug|Any CPU
		{A1B288A5-2C49-4996-886D-918C40F84400}.Release|Any CPU.ActiveCfg = Release|Any CPU
		{A1B288A5-2C49-4996-886D-918C40F84400}.Release|Any CPU.Build.0 = Release|Any CPU
	EndGlobalSection
	GlobalSection(SolutionProperties) = preSolution
		HideSolutionNode = FALSE
	EndGlobalSection
	GlobalSection(ExtensibilityGlobals) = postSolution
		SolutionGuid = {BB8C22B3-F990-4306-9CE3-5CCCAAE09134}
	EndGlobalSection
EndGlobal
